
Microsoft Visual Studio Solution File, Format Version 12.00
# Visual Studio Version 17
VisualStudioVersion = 17.8.34525.116
MinimumVisualStudioVersion = 10.0.40219.1
Project("{FAE04EC0-301F-11D3-BF4B-00C04F79EFBC}") = "TeaStoreApi", "TeaStoreApi\TeaStoreApi.csproj", "{FEB5A131-DE05-489F-8555-7781AC3D22ED}"
EndProject
Global
	GlobalSection(SolutionConfigurationPlatforms) = preSolution
		Debug|Any CPU = Debug|Any CPU
		Release|Any CPU = Release|Any CPU
	EndGlobalSection
	GlobalSection(ProjectConfigurationPlatforms) = postSolution
		{FEB5A131-DE05-489F-8555-7781AC3D22ED}.Debug|Any CPU.ActiveCfg = Debug|Any CPU
		{FEB5A131-DE05-489F-8555-7781AC3D22ED}.Debug|Any CPU.Build.0 = Debug|Any CPU
		{FEB5A131-DE05-489F-8555-7781AC3D22ED}.Release|Any CPU.ActiveCfg = Release|Any CPU
		{FEB5A131-DE05-489F-8555-7781AC3D22ED}.Release|Any CPU.Build.0 = Release|Any CPU
	EndGlobalSection
	GlobalSection(SolutionProperties) = preSolution
		HideSolutionNode = FALSE
	EndGlobalSection
	GlobalSection(ExtensibilityGlobals) = postSolution
		SolutionGuid = {1935D0C4-61BC-4C48-82B6-FB2B4D2E4E17}
	EndGlobalSection
EndGlobal
